
Microsoft Visual Studio Solution File, Format Version 12.00
# Visual Studio Version 17
VisualStudioVersion = 17.9.34728.123
MinimumVisualStudioVersion = 10.0.40219.1
Project("{9A19103F-16F7-4668-BE54-9A1E7A4F7556}") = "FargoMain", "FargoMain\FargoMain.csproj", "{00CE8D96-3515-4BFF-9A0F-02ABF66DD378}"
EndProject
Project("{2150E333-8FDC-42A3-9474-1A3956D46DE8}") = "src", "src", "{303B3675-73E5-4334-B480-9D714D622C61}"
EndProject
Project("{2150E333-8FDC-42A3-9474-1A3956D46DE8}") = "Presentation", "Presentation", "{D714B0D9-1B2A-4E2A-A183-2B28D481956D}"
EndProject
Project("{2150E333-8FDC-42A3-9474-1A3956D46DE8}") = "Core", "Core", "{968F3705-795E-48E0-BA08-FAF0B86A0787}"
EndProject
Project("{2150E333-8FDC-42A3-9474-1A3956D46DE8}") = "Infrastructure", "Infrastructure", "{01C7043C-5FB3-47A3-B4ED-E372BCFB05FE}"
EndProject
Project("{FAE04EC0-301F-11D3-BF4B-00C04F79EFBC}") = "CITApplication", "CITApplication\CITApplication.csproj", "{B6254CB5-877C-4CF6-8235-98BBBD94DD8C}"
EndProject
Project("{FAE04EC0-301F-11D3-BF4B-00C04F79EFBC}") = "CITDomain", "CITDomain\CITDomain.csproj", "{31DE8735-4F2E-4228-8969-F197AD95D533}"
EndProject
Project("{FAE04EC0-301F-11D3-BF4B-00C04F79EFBC}") = "CITInfrastructure", "CITInfrastructure\CITInfrastructure.csproj", "{C79F538F-52A3-4036-8659-81A36594810D}"
EndProject
Global
	GlobalSection(SolutionConfigurationPlatforms) = preSolution
		Debug|Any CPU = Debug|Any CPU
		Release|Any CPU = Release|Any CPU
	EndGlobalSection
	GlobalSection(ProjectConfigurationPlatforms) = postSolution
		{00CE8D96-3515-4BFF-9A0F-02ABF66DD378}.Debug|Any CPU.ActiveCfg = Debug|Any CPU
		{00CE8D96-3515-4BFF-9A0F-02ABF66DD378}.Debug|Any CPU.Build.0 = Debug|Any CPU
		{00CE8D96-3515-4BFF-9A0F-02ABF66DD378}.Release|Any CPU.ActiveCfg = Release|Any CPU
		{00CE8D96-3515-4BFF-9A0F-02ABF66DD378}.Release|Any CPU.Build.0 = Release|Any CPU
		{B6254CB5-877C-4CF6-8235-98BBBD94DD8C}.Debug|Any CPU.ActiveCfg = Debug|Any CPU
		{B6254CB5-877C-4CF6-8235-98BBBD94DD8C}.Debug|Any CPU.Build.0 = Debug|Any CPU
		{B6254CB5-877C-4CF6-8235-98BBBD94DD8C}.Release|Any CPU.ActiveCfg = Release|Any CPU
		{B6254CB5-877C-4CF6-8235-98BBBD94DD8C}.Release|Any CPU.Build.0 = Release|Any CPU
		{31DE8735-4F2E-4228-8969-F197AD95D533}.Debug|Any CPU.ActiveCfg = Debug|Any CPU
		{31DE8735-4F2E-4228-8969-F197AD95D533}.Debug|Any CPU.Build.0 = Debug|Any CPU
		{31DE8735-4F2E-4228-8969-F197AD95D533}.Release|Any CPU.ActiveCfg = Release|Any CPU
		{31DE8735-4F2E-4228-8969-F197AD95D533}.Release|Any CPU.Build.0 = Release|Any CPU
		{C79F538F-52A3-4036-8659-81A36594810D}.Debug|Any CPU.ActiveCfg = Debug|Any CPU
		{C79F538F-52A3-4036-8659-81A36594810D}.Debug|Any CPU.Build.0 = Debug|Any CPU
		{C79F538F-52A3-4036-8659-81A36594810D}.Release|Any CPU.ActiveCfg = Release|Any CPU
		{C79F538F-52A3-4036-8659-81A36594810D}.Release|Any CPU.Build.0 = Release|Any CPU
	EndGlobalSection
	GlobalSection(SolutionProperties) = preSolution
		HideSolutionNode = FALSE
	EndGlobalSection
	GlobalSection(NestedProjects) = preSolution
		{00CE8D96-3515-4BFF-9A0F-02ABF66DD378} = {D714B0D9-1B2A-4E2A-A183-2B28D481956D}
		{D714B0D9-1B2A-4E2A-A183-2B28D481956D} = {303B3675-73E5-4334-B480-9D714D622C61}
		{968F3705-795E-48E0-BA08-FAF0B86A0787} = {303B3675-73E5-4334-B480-9D714D622C61}
		{01C7043C-5FB3-47A3-B4ED-E372BCFB05FE} = {303B3675-73E5-4334-B480-9D714D622C61}
		{B6254CB5-877C-4CF6-8235-98BBBD94DD8C} = {968F3705-795E-48E0-BA08-FAF0B86A0787}
		{31DE8735-4F2E-4228-8969-F197AD95D533} = {968F3705-795E-48E0-BA08-FAF0B86A0787}
		{C79F538F-52A3-4036-8659-81A36594810D} = {01C7043C-5FB3-47A3-B4ED-E372BCFB05FE}
	EndGlobalSection
	GlobalSection(ExtensibilityGlobals) = postSolution
		SolutionGuid = {776550A1-049E-4106-8B13-65768FC951F8}
	EndGlobalSection
EndGlobal
